
Microsoft Visual Studio Solution File, Format Version 12.00
# Visual Studio Version 16
VisualStudioVersion = 16.0.30523.141
MinimumVisualStudioVersion = 10.0.40219.1
Project("{9A19103F-16F7-4668-BE54-9A1E7A4F7556}") = "Scoreganizer.Core", "Scoreganizer.Core\Scoreganizer.Core.csproj", "{BED0C3A6-B667-40E1-B8D2-6E1A6AD7261A}"
EndProject
Project("{9A19103F-16F7-4668-BE54-9A1E7A4F7556}") = "Scoreganizer.WPF", "Scoreganizer.WPF\Scoreganizer.WPF.csproj", "{EA3C2197-35B5-48C8-AE46-AF99CDF8144A}"
EndProject
Project("{2150E333-8FDC-42A3-9474-1A3956D46DE8}") = "Solution Items", "Solution Items", "{7953E4FC-6F73-4E64-8591-B9B0B26982FF}"
	ProjectSection(SolutionItems) = preProject
		README.md = README.md
	EndProjectSection
EndProject
Project("{2150E333-8FDC-42A3-9474-1A3956D46DE8}") = "Docs", "Docs", "{839E0AE5-C790-43E5-9293-2828C44AD718}"
	ProjectSection(SolutionItems) = preProject
		Docs\TODO.txt = Docs\TODO.txt
	EndProjectSection
EndProject
Global
	GlobalSection(SolutionConfigurationPlatforms) = preSolution
		Debug|Any CPU = Debug|Any CPU
		Release|Any CPU = Release|Any CPU
	EndGlobalSection
	GlobalSection(ProjectConfigurationPlatforms) = postSolution
		{BED0C3A6-B667-40E1-B8D2-6E1A6AD7261A}.Debug|Any CPU.ActiveCfg = Debug|Any CPU
		{BED0C3A6-B667-40E1-B8D2-6E1A6AD7261A}.Debug|Any CPU.Build.0 = Debug|Any CPU
		{BED0C3A6-B667-40E1-B8D2-6E1A6AD7261A}.Release|Any CPU.ActiveCfg = Release|Any CPU
		{BED0C3A6-B667-40E1-B8D2-6E1A6AD7261A}.Release|Any CPU.Build.0 = Release|Any CPU
		{EA3C2197-35B5-48C8-AE46-AF99CDF8144A}.Debug|Any CPU.ActiveCfg = Debug|Any CPU
		{EA3C2197-35B5-48C8-AE46-AF99CDF8144A}.Debug|Any CPU.Build.0 = Debug|Any CPU
		{EA3C2197-35B5-48C8-AE46-AF99CDF8144A}.Release|Any CPU.ActiveCfg = Release|Any CPU
		{EA3C2197-35B5-48C8-AE46-AF99CDF8144A}.Release|Any CPU.Build.0 = Release|Any CPU
	EndGlobalSection
	GlobalSection(SolutionProperties) = preSolution
		HideSolutionNode = FALSE
	EndGlobalSection
	GlobalSection(ExtensibilityGlobals) = postSolution
		SolutionGuid = {18D7AF8D-8FC8-4B64-9AB2-09AF0D427ACF}
	EndGlobalSection
EndGlobal
